
Microsoft Visual Studio Solution File, Format Version 12.00
# Visual Studio 14
VisualStudioVersion = 14.0.25420.1
MinimumVisualStudioVersion = 10.0.40219.1
Project("{FAE04EC0-301F-11D3-BF4B-00C04F79EFBC}") = "GoDHellowAp", "GoDHellowAp\GoDHellowAp.csproj", "{83D4BD74-1288-4E52-AFF7-CF9E6D74E20B}"
EndProject
Global
	GlobalSection(SolutionConfigurationPlatforms) = preSolution
		Debug|Any CPU = Debug|Any CPU
		Release|Any CPU = Release|Any CPU
	EndGlobalSection
	GlobalSection(ProjectConfigurationPlatforms) = postSolution
		{83D4BD74-1288-4E52-AFF7-CF9E6D74E20B}.Debug|Any CPU.ActiveCfg = Debug|Any CPU
		{83D4BD74-1288-4E52-AFF7-CF9E6D74E20B}.Debug|Any CPU.Build.0 = Debug|Any CPU
		{83D4BD74-1288-4E52-AFF7-CF9E6D74E20B}.Release|Any CPU.ActiveCfg = Release|Any CPU
		{83D4BD74-1288-4E52-AFF7-CF9E6D74E20B}.Release|Any CPU.Build.0 = Release|Any CPU
	EndGlobalSection
	GlobalSection(SolutionProperties) = preSolution
		HideSolutionNode = FALSE
	EndGlobalSection
EndGlobal
